
Microsoft Visual Studio Solution File, Format Version 12.00
# Visual Studio Version 17
VisualStudioVersion = 17.4.33213.308
MinimumVisualStudioVersion = 10.0.40219.1
Project("{9A19103F-16F7-4668-BE54-9A1E7A4F7556}") = "ToDoAPI", "ToDoAPI.csproj", "{29E6DDCF-8977-4971-ACEB-1E9803CCBDC1}"
	ProjectSection(ProjectDependencies) = postProject
		{0A776AEB-0346-4038-AF08-E4C8243183B2} = {0A776AEB-0346-4038-AF08-E4C8243183B2}
		{EFD9A788-56B0-40DC-A0CE-C4C375BFC486} = {EFD9A788-56B0-40DC-A0CE-C4C375BFC486}
	EndProjectSection
EndProject
Project("{9A19103F-16F7-4668-BE54-9A1E7A4F7556}") = "Entidade", "..\Entidade\Entidade.csproj", "{0A776AEB-0346-4038-AF08-E4C8243183B2}"
EndProject
Project("{9A19103F-16F7-4668-BE54-9A1E7A4F7556}") = "Dominio", "..\Dominio\Dominio.csproj", "{EFD9A788-56B0-40DC-A0CE-C4C375BFC486}"
EndProject
Project("{9A19103F-16F7-4668-BE54-9A1E7A4F7556}") = "Repositorio", "..\Repositorio\Repositorio.csproj", "{B4965A00-BFFB-4C72-AEF3-8B328595B963}"
EndProject
Global
	GlobalSection(SolutionConfigurationPlatforms) = preSolution
		Debug|Any CPU = Debug|Any CPU
		Release|Any CPU = Release|Any CPU
	EndGlobalSection
	GlobalSection(ProjectConfigurationPlatforms) = postSolution
		{29E6DDCF-8977-4971-ACEB-1E9803CCBDC1}.Debug|Any CPU.ActiveCfg = Debug|Any CPU
		{29E6DDCF-8977-4971-ACEB-1E9803CCBDC1}.Debug|Any CPU.Build.0 = Debug|Any CPU
		{29E6DDCF-8977-4971-ACEB-1E9803CCBDC1}.Release|Any CPU.ActiveCfg = Release|Any CPU
		{29E6DDCF-8977-4971-ACEB-1E9803CCBDC1}.Release|Any CPU.Build.0 = Release|Any CPU
		{0A776AEB-0346-4038-AF08-E4C8243183B2}.Debug|Any CPU.ActiveCfg = Debug|Any CPU
		{0A776AEB-0346-4038-AF08-E4C8243183B2}.Debug|Any CPU.Build.0 = Debug|Any CPU
		{0A776AEB-0346-4038-AF08-E4C8243183B2}.Release|Any CPU.ActiveCfg = Release|Any CPU
		{0A776AEB-0346-4038-AF08-E4C8243183B2}.Release|Any CPU.Build.0 = Release|Any CPU
		{EFD9A788-56B0-40DC-A0CE-C4C375BFC486}.Debug|Any CPU.ActiveCfg = Debug|Any CPU
		{EFD9A788-56B0-40DC-A0CE-C4C375BFC486}.Debug|Any CPU.Build.0 = Debug|Any CPU
		{EFD9A788-56B0-40DC-A0CE-C4C375BFC486}.Release|Any CPU.ActiveCfg = Release|Any CPU
		{EFD9A788-56B0-40DC-A0CE-C4C375BFC486}.Release|Any CPU.Build.0 = Release|Any CPU
		{B4965A00-BFFB-4C72-AEF3-8B328595B963}.Debug|Any CPU.ActiveCfg = Debug|Any CPU
		{B4965A00-BFFB-4C72-AEF3-8B328595B963}.Debug|Any CPU.Build.0 = Debug|Any CPU
		{B4965A00-BFFB-4C72-AEF3-8B328595B963}.Release|Any CPU.ActiveCfg = Release|Any CPU
		{B4965A00-BFFB-4C72-AEF3-8B328595B963}.Release|Any CPU.Build.0 = Release|Any CPU
	EndGlobalSection
	GlobalSection(SolutionProperties) = preSolution
		HideSolutionNode = FALSE
	EndGlobalSection
	GlobalSection(ExtensibilityGlobals) = postSolution
		SolutionGuid = {4A173956-5BEA-472A-A914-FC1E97C20623}
	EndGlobalSection
EndGlobal
